
Microsoft Visual Studio Solution File, Format Version 12.00
# Visual Studio Version 16
VisualStudioVersion = 16.0.31402.337
MinimumVisualStudioVersion = 10.0.40219.1
Project("{FAE04EC0-301F-11D3-BF4B-00C04F79EFBC}") = "GitHub", "GitHub\GitHub.csproj", "{3624BD8C-B9E5-463F-B0F9-D89608177953}"
EndProject
Project("{FAE04EC0-301F-11D3-BF4B-00C04F79EFBC}") = "MyWebServer", "MyWebServer\MyWebServer.csproj", "{27FAA495-BECD-46A8-BF87-46DD7536018D}"
EndProject
Global
	GlobalSection(SolutionConfigurationPlatforms) = preSolution
		Debug|Any CPU = Debug|Any CPU
		Release|Any CPU = Release|Any CPU
	EndGlobalSection
	GlobalSection(ProjectConfigurationPlatforms) = postSolution
		{3624BD8C-B9E5-463F-B0F9-D89608177953}.Debug|Any CPU.ActiveCfg = Debug|Any CPU
		{3624BD8C-B9E5-463F-B0F9-D89608177953}.Debug|Any CPU.Build.0 = Debug|Any CPU
		{3624BD8C-B9E5-463F-B0F9-D89608177953}.Release|Any CPU.ActiveCfg = Release|Any CPU
		{3624BD8C-B9E5-463F-B0F9-D89608177953}.Release|Any CPU.Build.0 = Release|Any CPU
		{27FAA495-BECD-46A8-BF87-46DD7536018D}.Debug|Any CPU.ActiveCfg = Debug|Any CPU
		{27FAA495-BECD-46A8-BF87-46DD7536018D}.Debug|Any CPU.Build.0 = Debug|Any CPU
		{27FAA495-BECD-46A8-BF87-46DD7536018D}.Release|Any CPU.ActiveCfg = Release|Any CPU
		{27FAA495-BECD-46A8-BF87-46DD7536018D}.Release|Any CPU.Build.0 = Release|Any CPU
	EndGlobalSection
	GlobalSection(SolutionProperties) = preSolution
		HideSolutionNode = FALSE
	EndGlobalSection
	GlobalSection(ExtensibilityGlobals) = postSolution
		SolutionGuid = {656408B7-EB72-4527-8444-D9006532186C}
	EndGlobalSection
EndGlobal
